// !$*UTF8*$!
{
	archiveVersion = 1;
	classes = {
	};
	objectVersion = 55;
	objects = {

/* Begin PBXBuildFile section */
		D519840A27F62DC30087870A /* SampleFramework.docc in Sources */ = {isa = PBXBuildFile; fileRef = D519840927F62DC30087870A /* SampleFramework.docc */; };
		D519841027F62DC30087870A /* SampleFramework.framework in Frameworks */ = {isa = PBXBuildFile; fileRef = D519840627F62DC30087870A /* SampleFramework.framework */; };
		D519841727F62DC30087870A /* SampleFrameworkTests.swift in Sources */ = {isa = PBXBuildFile; fileRef = D519841627F62DC30087870A /* SampleFrameworkTests.swift */; };
		D519841827F62DC30087870A /* SampleFramework.h in Headers */ = {isa = PBXBuildFile; fileRef = D519840827F62DC30087870A /* SampleFramework.h */; settings = {ATTRIBUTES = (Public, ); }; };
		D519841B27F62DC30087870A /* SampleFramework.framework in Frameworks */ = {isa = PBXBuildFile; fileRef = D519840627F62DC30087870A /* SampleFramework.framework */; };
		D519841C27F62DC40087870A /* SampleFramework.framework in Embed Frameworks */ = {isa = PBXBuildFile; fileRef = D519840627F62DC30087870A /* SampleFramework.framework */; settings = {ATTRIBUTES = (CodeSignOnCopy, RemoveHeadersOnCopy, ); }; };
		D519842527F62DD40087870A /* SampleSwiftUIView.swift in Sources */ = {isa = PBXBuildFile; fileRef = D519842427F62DD40087870A /* SampleSwiftUIView.swift */; };
		E100AA42274AC32100D0A1D5 /* Color+Ext.swift in Sources */ = {isa = PBXBuildFile; fileRef = E100AA41274AC32100D0A1D5 /* Color+Ext.swift */; };
		E100AA44274AC3F900D0A1D5 /* AppTabView.swift in Sources */ = {isa = PBXBuildFile; fileRef = E100AA43274AC3F900D0A1D5 /* AppTabView.swift */; };
		E1274781274AC4E400DC5DA3 /* LocationMapView.swift in Sources */ = {isa = PBXBuildFile; fileRef = E1274780274AC4E400DC5DA3 /* LocationMapView.swift */; };
		E1274783274AC53C00DC5DA3 /* LocationListView.swift in Sources */ = {isa = PBXBuildFile; fileRef = E1274782274AC53C00DC5DA3 /* LocationListView.swift */; };
		E1274785274AC54F00DC5DA3 /* ProfileView.swift in Sources */ = {isa = PBXBuildFile; fileRef = E1274784274AC54F00DC5DA3 /* ProfileView.swift */; };
		E1274787274ACF0000DC5DA3 /* TestView.swift in Sources */ = {isa = PBXBuildFile; fileRef = E1274786274ACF0000DC5DA3 /* TestView.swift */; };
		E1B887992749784D00998DFC /* DubDubGrubApp.swift in Sources */ = {isa = PBXBuildFile; fileRef = E1B887982749784D00998DFC /* DubDubGrubApp.swift */; };
		E1B8879B2749784D00998DFC /* ContentView.swift in Sources */ = {isa = PBXBuildFile; fileRef = E1B8879A2749784D00998DFC /* ContentView.swift */; };
		E1B8879D2749784F00998DFC /* Assets.xcassets in Resources */ = {isa = PBXBuildFile; fileRef = E1B8879C2749784F00998DFC /* Assets.xcassets */; };
		E1B887A02749784F00998DFC /* Preview Assets.xcassets in Resources */ = {isa = PBXBuildFile; fileRef = E1B8879F2749784F00998DFC /* Preview Assets.xcassets */; };
		E1B887AA2749784F00998DFC /* DubDubGrubTests.swift in Sources */ = {isa = PBXBuildFile; fileRef = E1B887A92749784F00998DFC /* DubDubGrubTests.swift */; };
		E1B887B42749784F00998DFC /* DubDubGrubUITests.swift in Sources */ = {isa = PBXBuildFile; fileRef = E1B887B32749784F00998DFC /* DubDubGrubUITests.swift */; };
		E1B887B62749784F00998DFC /* DubDubGrubUITestsLaunchTests.swift in Sources */ = {isa = PBXBuildFile; fileRef = E1B887B52749784F00998DFC /* DubDubGrubUITestsLaunchTests.swift */; };
/* End PBXBuildFile section */

/* Begin PBXContainerItemProxy section */
		D519841127F62DC30087870A /* PBXContainerItemProxy */ = {
			isa = PBXContainerItemProxy;
			containerPortal = E1B8878D2749784D00998DFC /* Project object */;
			proxyType = 1;
			remoteGlobalIDString = D519840527F62DC30087870A;
			remoteInfo = SampleFramework;
		};
		D519841327F62DC30087870A /* PBXContainerItemProxy */ = {
			isa = PBXContainerItemProxy;
			containerPortal = E1B8878D2749784D00998DFC /* Project object */;
			proxyType = 1;
			remoteGlobalIDString = E1B887942749784D00998DFC;
			remoteInfo = DubDubGrub;
		};
		D519841927F62DC30087870A /* PBXContainerItemProxy */ = {
			isa = PBXContainerItemProxy;
			containerPortal = E1B8878D2749784D00998DFC /* Project object */;
			proxyType = 1;
			remoteGlobalIDString = D519840527F62DC30087870A;
			remoteInfo = SampleFramework;
		};
		E1B887A62749784F00998DFC /* PBXContainerItemProxy */ = {
			isa = PBXContainerItemProxy;
			containerPortal = E1B8878D2749784D00998DFC /* Project object */;
			proxyType = 1;
			remoteGlobalIDString = E1B887942749784D00998DFC;
			remoteInfo = DubDubGrub;
		};
		E1B887B02749784F00998DFC /* PBXContainerItemProxy */ = {
			isa = PBXContainerItemProxy;
			containerPortal = E1B8878D2749784D00998DFC /* Project object */;
			proxyType = 1;
			remoteGlobalIDString = E1B887942749784D00998DFC;
			remoteInfo = DubDubGrub;
		};
/* End PBXContainerItemProxy section */

/* Begin PBXCopyFilesBuildPhase section */
		D519841D27F62DC40087870A /* Embed Frameworks */ = {
			isa = PBXCopyFilesBuildPhase;
			buildActionMask = 2147483647;
			dstPath = "";
			dstSubfolderSpec = 10;
			files = (
				D519841C27F62DC40087870A /* SampleFramework.framework in Embed Frameworks */,
			);
			name = "Embed Frameworks";
			runOnlyForDeploymentPostprocessing = 0;
		};
/* End PBXCopyFilesBuildPhase section */

/* Begin PBXFileReference section */
		D519840627F62DC30087870A /* SampleFramework.framework */ = {isa = PBXFileReference; explicitFileType = wrapper.framework; includeInIndex = 0; path = SampleFramework.framework; sourceTree = BUILT_PRODUCTS_DIR; };
		D519840827F62DC30087870A /* SampleFramework.h */ = {isa = PBXFileReference; lastKnownFileType = sourcecode.c.h; path = SampleFramework.h; sourceTree = "<group>"; };
		D519840927F62DC30087870A /* SampleFramework.docc */ = {isa = PBXFileReference; lastKnownFileType = folder.documentationcatalog; path = SampleFramework.docc; sourceTree = "<group>"; };
		D519840F27F62DC30087870A /* SampleFrameworkTests.xctest */ = {isa = PBXFileReference; explicitFileType = wrapper.cfbundle; includeInIndex = 0; path = SampleFrameworkTests.xctest; sourceTree = BUILT_PRODUCTS_DIR; };
		D519841627F62DC30087870A /* SampleFrameworkTests.swift */ = {isa = PBXFileReference; lastKnownFileType = sourcecode.swift; path = SampleFrameworkTests.swift; sourceTree = "<group>"; };
		D519842427F62DD40087870A /* SampleSwiftUIView.swift */ = {isa = PBXFileReference; lastKnownFileType = sourcecode.swift; path = SampleSwiftUIView.swift; sourceTree = "<group>"; };
		E100AA41274AC32100D0A1D5 /* Color+Ext.swift */ = {isa = PBXFileReference; lastKnownFileType = sourcecode.swift; path = "Color+Ext.swift"; sourceTree = "<group>"; };
		E100AA43274AC3F900D0A1D5 /* AppTabView.swift */ = {isa = PBXFileReference; lastKnownFileType = sourcecode.swift; path = AppTabView.swift; sourceTree = "<group>"; };
		E1274780274AC4E400DC5DA3 /* LocationMapView.swift */ = {isa = PBXFileReference; lastKnownFileType = sourcecode.swift; path = LocationMapView.swift; sourceTree = "<group>"; };
		E1274782274AC53C00DC5DA3 /* LocationListView.swift */ = {isa = PBXFileReference; lastKnownFileType = sourcecode.swift; path = LocationListView.swift; sourceTree = "<group>"; };
		E1274784274AC54F00DC5DA3 /* ProfileView.swift */ = {isa = PBXFileReference; lastKnownFileType = sourcecode.swift; path = ProfileView.swift; sourceTree = "<group>"; };
		E1274786274ACF0000DC5DA3 /* TestView.swift */ = {isa = PBXFileReference; lastKnownFileType = sourcecode.swift; path = TestView.swift; sourceTree = "<group>"; };
		E1B887952749784D00998DFC /* DubDubGrub.app */ = {isa = PBXFileReference; explicitFileType = wrapper.application; includeInIndex = 0; path = DubDubGrub.app; sourceTree = BUILT_PRODUCTS_DIR; };
		E1B887982749784D00998DFC /* DubDubGrubApp.swift */ = {isa = PBXFileReference; lastKnownFileType = sourcecode.swift; path = DubDubGrubApp.swift; sourceTree = "<group>"; };
		E1B8879A2749784D00998DFC /* ContentView.swift */ = {isa = PBXFileReference; lastKnownFileType = sourcecode.swift; path = ContentView.swift; sourceTree = "<group>"; };
		E1B8879C2749784F00998DFC /* Assets.xcassets */ = {isa = PBXFileReference; lastKnownFileType = folder.assetcatalog; path = Assets.xcassets; sourceTree = "<group>"; };
		E1B8879F2749784F00998DFC /* Preview Assets.xcassets */ = {isa = PBXFileReference; lastKnownFileType = folder.assetcatalog; path = "Preview Assets.xcassets"; sourceTree = "<group>"; };
		E1B887A52749784F00998DFC /* DubDubGrubTests.xctest */ = {isa = PBXFileReference; explicitFileType = wrapper.cfbundle; includeInIndex = 0; path = DubDubGrubTests.xctest; sourceTree = BUILT_PRODUCTS_DIR; };
		E1B887A92749784F00998DFC /* DubDubGrubTests.swift */ = {isa = PBXFileReference; lastKnownFileType = sourcecode.swift; path = DubDubGrubTests.swift; sourceTree = "<group>"; };
		E1B887AF2749784F00998DFC /* DubDubGrubUITests.xctest */ = {isa = PBXFileReference; explicitFileType = wrapper.cfbundle; includeInIndex = 0; path = DubDubGrubUITests.xctest; sourceTree = BUILT_PRODUCTS_DIR; };
		E1B887B32749784F00998DFC /* DubDubGrubUITests.swift */ = {isa = PBXFileReference; lastKnownFileType = sourcecode.swift; path = DubDubGrubUITests.swift; sourceTree = "<group>"; };
		E1B887B52749784F00998DFC /* DubDubGrubUITestsLaunchTests.swift */ = {isa = PBXFileReference; lastKnownFileType = sourcecode.swift; path = DubDubGrubUITestsLaunchTests.swift; sourceTree = "<group>"; };
/* End PBXFileReference section */

/* Begin PBXFrameworksBuildPhase section */
		D519840327F62DC30087870A /* Frameworks */ = {
			isa = PBXFrameworksBuildPhase;
			buildActionMask = 2147483647;
			files = (
			);
			runOnlyForDeploymentPostprocessing = 0;
		};
		D519840C27F62DC30087870A /* Frameworks */ = {
			isa = PBXFrameworksBuildPhase;
			buildActionMask = 2147483647;
			files = (
				D519841027F62DC30087870A /* SampleFramework.framework in Frameworks */,
			);
			runOnlyForDeploymentPostprocessing = 0;
		};
		E1B887922749784D00998DFC /* Frameworks */ = {
			isa = PBXFrameworksBuildPhase;
			buildActionMask = 2147483647;
			files = (
				D519841B27F62DC30087870A /* SampleFramework.framework in Frameworks */,
			);
			runOnlyForDeploymentPostprocessing = 0;
		};
		E1B887A22749784F00998DFC /* Frameworks */ = {
			isa = PBXFrameworksBuildPhase;
			buildActionMask = 2147483647;
			files = (
			);
			runOnlyForDeploymentPostprocessing = 0;
		};
		E1B887AC2749784F00998DFC /* Frameworks */ = {
			isa = PBXFrameworksBuildPhase;
			buildActionMask = 2147483647;
			files = (
			);
			runOnlyForDeploymentPostprocessing = 0;
		};
/* End PBXFrameworksBuildPhase section */

/* Begin PBXGroup section */
		D519840727F62DC30087870A /* SampleFramework */ = {
			isa = PBXGroup;
			children = (
				D519840827F62DC30087870A /* SampleFramework.h */,
				D519840927F62DC30087870A /* SampleFramework.docc */,
				D519842427F62DD40087870A /* SampleSwiftUIView.swift */,
			);
			path = SampleFramework;
			sourceTree = "<group>";
		};
		D519841527F62DC30087870A /* SampleFrameworkTests */ = {
			isa = PBXGroup;
			children = (
				D519841627F62DC30087870A /* SampleFrameworkTests.swift */,
			);
			path = SampleFrameworkTests;
			sourceTree = "<group>";
		};
		E1B8878C2749784D00998DFC = {
			isa = PBXGroup;
			children = (
				E1B887972749784D00998DFC /* DubDubGrub */,
				E1B887A82749784F00998DFC /* DubDubGrubTests */,
				E1B887B22749784F00998DFC /* DubDubGrubUITests */,
				D519840727F62DC30087870A /* SampleFramework */,
				D519841527F62DC30087870A /* SampleFrameworkTests */,
				E1B887962749784D00998DFC /* Products */,
			);
			sourceTree = "<group>";
		};
		E1B887962749784D00998DFC /* Products */ = {
			isa = PBXGroup;
			children = (
				E1B887952749784D00998DFC /* DubDubGrub.app */,
				E1B887A52749784F00998DFC /* DubDubGrubTests.xctest */,
				E1B887AF2749784F00998DFC /* DubDubGrubUITests.xctest */,
				D519840627F62DC30087870A /* SampleFramework.framework */,
				D519840F27F62DC30087870A /* SampleFrameworkTests.xctest */,
			);
			name = Products;
			sourceTree = "<group>";
		};
		E1B887972749784D00998DFC /* DubDubGrub */ = {
			isa = PBXGroup;
			children = (
				E1B887982749784D00998DFC /* DubDubGrubApp.swift */,
				E1B8879A2749784D00998DFC /* ContentView.swift */,
				E1B8879C2749784F00998DFC /* Assets.xcassets */,
				E1B8879E2749784F00998DFC /* Preview Content */,
				E100AA41274AC32100D0A1D5 /* Color+Ext.swift */,
				E100AA43274AC3F900D0A1D5 /* AppTabView.swift */,
				E1274780274AC4E400DC5DA3 /* LocationMapView.swift */,
				E1274782274AC53C00DC5DA3 /* LocationListView.swift */,
				E1274784274AC54F00DC5DA3 /* ProfileView.swift */,
				E1274786274ACF0000DC5DA3 /* TestView.swift */,
			);
			path = DubDubGrub;
			sourceTree = "<group>";
		};
		E1B8879E2749784F00998DFC /* Preview Content */ = {
			isa = PBXGroup;
			children = (
				E1B8879F2749784F00998DFC /* Preview Assets.xcassets */,
			);
			path = "Preview Content";
			sourceTree = "<group>";
		};
		E1B887A82749784F00998DFC /* DubDubGrubTests */ = {
			isa = PBXGroup;
			children = (
				E1B887A92749784F00998DFC /* DubDubGrubTests.swift */,
			);
			path = DubDubGrubTests;
			sourceTree = "<group>";
		};
		E1B887B22749784F00998DFC /* DubDubGrubUITests */ = {
			isa = PBXGroup;
			children = (
				E1B887B32749784F00998DFC /* DubDubGrubUITests.swift */,
				E1B887B52749784F00998DFC /* DubDubGrubUITestsLaunchTests.swift */,
			);
			path = DubDubGrubUITests;
			sourceTree = "<group>";
		};
/* End PBXGroup section */

/* Begin PBXHeadersBuildPhase section */
		D519840127F62DC30087870A /* Headers */ = {
			isa = PBXHeadersBuildPhase;
			buildActionMask = 2147483647;
			files = (
				D519841827F62DC30087870A /* SampleFramework.h in Headers */,
			);
			runOnlyForDeploymentPostprocessing = 0;
		};
/* End PBXHeadersBuildPhase section */

/* Begin PBXNativeTarget section */
		D519840527F62DC30087870A /* SampleFramework */ = {
			isa = PBXNativeTarget;
			buildConfigurationList = D519842227F62DC40087870A /* Build configuration list for PBXNativeTarget "SampleFramework" */;
			buildPhases = (
				D519840127F62DC30087870A /* Headers */,
				D519840227F62DC30087870A /* Sources */,
				D519840327F62DC30087870A /* Frameworks */,
				D519840427F62DC30087870A /* Resources */,
			);
			buildRules = (
			);
			dependencies = (
			);
			name = SampleFramework;
			productName = SampleFramework;
			productReference = D519840627F62DC30087870A /* SampleFramework.framework */;
			productType = "com.apple.product-type.framework";
		};
		D519840E27F62DC30087870A /* SampleFrameworkTests */ = {
			isa = PBXNativeTarget;
			buildConfigurationList = D519842327F62DC40087870A /* Build configuration list for PBXNativeTarget "SampleFrameworkTests" */;
			buildPhases = (
				D519840B27F62DC30087870A /* Sources */,
				D519840C27F62DC30087870A /* Frameworks */,
				D519840D27F62DC30087870A /* Resources */,
			);
			buildRules = (
			);
			dependencies = (
				D519841227F62DC30087870A /* PBXTargetDependency */,
				D519841427F62DC30087870A /* PBXTargetDependency */,
			);
			name = SampleFrameworkTests;
			productName = SampleFrameworkTests;
			productReference = D519840F27F62DC30087870A /* SampleFrameworkTests.xctest */;
			productType = "com.apple.product-type.bundle.unit-test";
		};
		E1B887942749784D00998DFC /* DubDubGrub */ = {
			isa = PBXNativeTarget;
			buildConfigurationList = E1B887B92749784F00998DFC /* Build configuration list for PBXNativeTarget "DubDubGrub" */;
			buildPhases = (
				E1B887912749784D00998DFC /* Sources */,
				E1B887922749784D00998DFC /* Frameworks */,
				E1B887932749784D00998DFC /* Resources */,
				D519841D27F62DC40087870A /* Embed Frameworks */,
			);
			buildRules = (
			);
			dependencies = (
				D519841A27F62DC30087870A /* PBXTargetDependency */,
			);
			name = DubDubGrub;
			productName = DubDubGrub;
			productReference = E1B887952749784D00998DFC /* DubDubGrub.app */;
			productType = "com.apple.product-type.application";
		};
		E1B887A42749784F00998DFC /* DubDubGrubTests */ = {
			isa = PBXNativeTarget;
			buildConfigurationList = E1B887BC2749784F00998DFC /* Build configuration list for PBXNativeTarget "DubDubGrubTests" */;
			buildPhases = (
				E1B887A12749784F00998DFC /* Sources */,
				E1B887A22749784F00998DFC /* Frameworks */,
				E1B887A32749784F00998DFC /* Resources */,
			);
			buildRules = (
			);
			dependencies = (
				E1B887A72749784F00998DFC /* PBXTargetDependency */,
			);
			name = DubDubGrubTests;
			productName = DubDubGrubTests;
			productReference = E1B887A52749784F00998DFC /* DubDubGrubTests.xctest */;
			productType = "com.apple.product-type.bundle.unit-test";
		};
		E1B887AE2749784F00998DFC /* DubDubGrubUITests */ = {
			isa = PBXNativeTarget;
			buildConfigurationList = E1B887BF2749784F00998DFC /* Build configuration list for PBXNativeTarget "DubDubGrubUITests" */;
			buildPhases = (
				E1B887AB2749784F00998DFC /* Sources */,
				E1B887AC2749784F00998DFC /* Frameworks */,
				E1B887AD2749784F00998DFC /* Resources */,
			);
			buildRules = (
			);
			dependencies = (
				E1B887B12749784F00998DFC /* PBXTargetDependency */,
			);
			name = DubDubGrubUITests;
			productName = DubDubGrubUITests;
			productReference = E1B887AF2749784F00998DFC /* DubDubGrubUITests.xctest */;
			productType = "com.apple.product-type.bundle.ui-testing";
		};
/* End PBXNativeTarget section */

/* Begin PBXProject section */
		E1B8878D2749784D00998DFC /* Project object */ = {
			isa = PBXProject;
			attributes = {
				BuildIndependentTargetsInParallel = 1;
				LastSwiftUpdateCheck = 1330;
				LastUpgradeCheck = 1310;
				TargetAttributes = {
					D519840527F62DC30087870A = {
						CreatedOnToolsVersion = 13.3;
					};
					D519840E27F62DC30087870A = {
						CreatedOnToolsVersion = 13.3;
						TestTargetID = E1B887942749784D00998DFC;
					};
					E1B887942749784D00998DFC = {
						CreatedOnToolsVersion = 13.1;
					};
					E1B887A42749784F00998DFC = {
						CreatedOnToolsVersion = 13.1;
						TestTargetID = E1B887942749784D00998DFC;
					};
					E1B887AE2749784F00998DFC = {
						CreatedOnToolsVersion = 13.1;
						TestTargetID = E1B887942749784D00998DFC;
					};
				};
			};
			buildConfigurationList = E1B887902749784D00998DFC /* Build configuration list for PBXProject "DubDubGrub" */;
			compatibilityVersion = "Xcode 13.0";
			developmentRegion = en;
			hasScannedForEncodings = 0;
			knownRegions = (
				en,
				Base,
			);
			mainGroup = E1B8878C2749784D00998DFC;
			productRefGroup = E1B887962749784D00998DFC /* Products */;
			projectDirPath = "";
			projectRoot = "";
			targets = (
				E1B887942749784D00998DFC /* DubDubGrub */,
				E1B887A42749784F00998DFC /* DubDubGrubTests */,
				E1B887AE2749784F00998DFC /* DubDubGrubUITests */,
				D519840527F62DC30087870A /* SampleFramework */,
				D519840E27F62DC30087870A /* SampleFrameworkTests */,
			);
		};
/* End PBXProject section */

/* Begin PBXResourcesBuildPhase section */
		D519840427F62DC30087870A /* Resources */ = {
			isa = PBXResourcesBuildPhase;
			buildActionMask = 2147483647;
			files = (
			);
			runOnlyForDeploymentPostprocessing = 0;
		};
		D519840D27F62DC30087870A /* Resources */ = {
			isa = PBXResourcesBuildPhase;
			buildActionMask = 2147483647;
			files = (
			);
			runOnlyForDeploymentPostprocessing = 0;
		};
		E1B887932749784D00998DFC /* Resources */ = {
			isa = PBXResourcesBuildPhase;
			buildActionMask = 2147483647;
			files = (
				E1B887A02749784F00998DFC /* Preview Assets.xcassets in Resources */,
				E1B8879D2749784F00998DFC /* Assets.xcassets in Resources */,
			);
			runOnlyForDeploymentPostprocessing = 0;
		};
		E1B887A32749784F00998DFC /* Resources */ = {
			isa = PBXResourcesBuildPhase;
			buildActionMask = 2147483647;
			files = (
			);
			runOnlyForDeploymentPostprocessing = 0;
		};
		E1B887AD2749784F00998DFC /* Resources */ = {
			isa = PBXResourcesBuildPhase;
			buildActionMask = 2147483647;
			files = (
			);
			runOnlyForDeploymentPostprocessing = 0;
		};
/* End PBXResourcesBuildPhase section */

/* Begin PBXSourcesBuildPhase section */
		D519840227F62DC30087870A /* Sources */ = {
			isa = PBXSourcesBuildPhase;
			buildActionMask = 2147483647;
			files = (
				D519842527F62DD40087870A /* SampleSwiftUIView.swift in Sources */,
				D519840A27F62DC30087870A /* SampleFramework.docc in Sources */,
			);
			runOnlyForDeploymentPostprocessing = 0;
		};
		D519840B27F62DC30087870A /* Sources */ = {
			isa = PBXSourcesBuildPhase;
			buildActionMask = 2147483647;
			files = (
				D519841727F62DC30087870A /* SampleFrameworkTests.swift in Sources */,
			);
			runOnlyForDeploymentPostprocessing = 0;
		};
		E1B887912749784D00998DFC /* Sources */ = {
			isa = PBXSourcesBuildPhase;
			buildActionMask = 2147483647;
			files = (
				E1B8879B2749784D00998DFC /* ContentView.swift in Sources */,
				E1B887992749784D00998DFC /* DubDubGrubApp.swift in Sources */,
				E1274781274AC4E400DC5DA3 /* LocationMapView.swift in Sources */,
				E1274783274AC53C00DC5DA3 /* LocationListView.swift in Sources */,
				E1274787274ACF0000DC5DA3 /* TestView.swift in Sources */,
				E100AA44274AC3F900D0A1D5 /* AppTabView.swift in Sources */,
				E1274785274AC54F00DC5DA3 /* ProfileView.swift in Sources */,
				E100AA42274AC32100D0A1D5 /* Color+Ext.swift in Sources */,
			);
			runOnlyForDeploymentPostprocessing = 0;
		};
		E1B887A12749784F00998DFC /* Sources */ = {
			isa = PBXSourcesBuildPhase;
			buildActionMask = 2147483647;
			files = (
				E1B887AA2749784F00998DFC /* DubDubGrubTests.swift in Sources */,
			);
			runOnlyForDeploymentPostprocessing = 0;
		};
		E1B887AB2749784F00998DFC /* Sources */ = {
			isa = PBXSourcesBuildPhase;
			buildActionMask = 2147483647;
			files = (
				E1B887B62749784F00998DFC /* DubDubGrubUITestsLaunchTests.swift in Sources */,
				E1B887B42749784F00998DFC /* DubDubGrubUITests.swift in Sources */,
			);
			runOnlyForDeploymentPostprocessing = 0;
		};
/* End PBXSourcesBuildPhase section */

/* Begin PBXTargetDependency section */
		D519841227F62DC30087870A /* PBXTargetDependency */ = {
			isa = PBXTargetDependency;
			target = D519840527F62DC30087870A /* SampleFramework */;
			targetProxy = D519841127F62DC30087870A /* PBXContainerItemProxy */;
		};
		D519841427F62DC30087870A /* PBXTargetDependency */ = {
			isa = PBXTargetDependency;
			target = E1B887942749784D00998DFC /* DubDubGrub */;
			targetProxy = D519841327F62DC30087870A /* PBXContainerItemProxy */;
		};
		D519841A27F62DC30087870A /* PBXTargetDependency */ = {
			isa = PBXTargetDependency;
			target = D519840527F62DC30087870A /* SampleFramework */;
			targetProxy = D519841927F62DC30087870A /* PBXContainerItemProxy */;
		};
		E1B887A72749784F00998DFC /* PBXTargetDependency */ = {
			isa = PBXTargetDependency;
			target = E1B887942749784D00998DFC /* DubDubGrub */;
			targetProxy = E1B887A62749784F00998DFC /* PBXContainerItemProxy */;
		};
		E1B887B12749784F00998DFC /* PBXTargetDependency */ = {
			isa = PBXTargetDependency;
			target = E1B887942749784D00998DFC /* DubDubGrub */;
			targetProxy = E1B887B02749784F00998DFC /* PBXContainerItemProxy */;
		};
/* End PBXTargetDependency section */

/* Begin XCBuildConfiguration section */
		D519841E27F62DC40087870A /* Debug */ = {
			isa = XCBuildConfiguration;
			buildSettings = {
				CODE_SIGN_STYLE = Automatic;
				CURRENT_PROJECT_VERSION = 1;
				DEFINES_MODULE = YES;
				DEVELOPMENT_TEAM = S7T2CRG623;
				DYLIB_COMPATIBILITY_VERSION = 1;
				DYLIB_CURRENT_VERSION = 1;
				DYLIB_INSTALL_NAME_BASE = "@rpath";
				GENERATE_INFOPLIST_FILE = YES;
				INFOPLIST_KEY_NSHumanReadableCopyright = "";
				INSTALL_PATH = "$(LOCAL_LIBRARY_DIR)/Frameworks";
				IPHONEOS_DEPLOYMENT_TARGET = 15.4;
				LD_RUNPATH_SEARCH_PATHS = (
					"$(inherited)",
					"@executable_path/Frameworks",
					"@loader_path/Frameworks",
				);
				MARKETING_VERSION = 1.0;
				PRODUCT_BUNDLE_IDENTIFIER = com.codedstuff.appWithPlayground.SampleFramework;
				PRODUCT_NAME = "$(TARGET_NAME:c99extidentifier)";
				SKIP_INSTALL = YES;
				SWIFT_EMIT_LOC_STRINGS = YES;
				SWIFT_VERSION = 5.0;
				TARGETED_DEVICE_FAMILY = "1,2";
				VERSIONING_SYSTEM = "apple-generic";
				VERSION_INFO_PREFIX = "";
			};
			name = Debug;
		};
		D519841F27F62DC40087870A /* Release */ = {
			isa = XCBuildConfiguration;
			buildSettings = {
				CODE_SIGN_STYLE = Automatic;
				CURRENT_PROJECT_VERSION = 1;
				DEFINES_MODULE = YES;
				DEVELOPMENT_TEAM = S7T2CRG623;
				DYLIB_COMPATIBILITY_VERSION = 1;
				DYLIB_CURRENT_VERSION = 1;
				DYLIB_INSTALL_NAME_BASE = "@rpath";
				GENERATE_INFOPLIST_FILE = YES;
				INFOPLIST_KEY_NSHumanReadableCopyright = "";
				INSTALL_PATH = "$(LOCAL_LIBRARY_DIR)/Frameworks";
				IPHONEOS_DEPLOYMENT_TARGET = 15.4;
				LD_RUNPATH_SEARCH_PATHS = (
					"$(inherited)",
					"@executable_path/Frameworks",
					"@loader_path/Frameworks",
				);
				MARKETING_VERSION = 1.0;
				PRODUCT_BUNDLE_IDENTIFIER = com.codedstuff.appWithPlayground.SampleFramework;
				PRODUCT_NAME = "$(TARGET_NAME:c99extidentifier)";
				SKIP_INSTALL = YES;
				SWIFT_EMIT_LOC_STRINGS = YES;
				SWIFT_VERSION = 5.0;
				TARGETED_DEVICE_FAMILY = "1,2";
				VERSIONING_SYSTEM = "apple-generic";
				VERSION_INFO_PREFIX = "";
			};
			name = Release;
		};
		D519842027F62DC40087870A /* Debug */ = {
			isa = XCBuildConfiguration;
			buildSettings = {
				ALWAYS_EMBED_SWIFT_STANDARD_LIBRARIES = YES;
				CODE_SIGN_STYLE = Automatic;
				CURRENT_PROJECT_VERSION = 1;
				GENERATE_INFOPLIST_FILE = YES;
				IPHONEOS_DEPLOYMENT_TARGET = 15.4;
				MARKETING_VERSION = 1.0;
				PRODUCT_BUNDLE_IDENTIFIER = com.codedstuff.appWithPlayground.SampleFrameworkTests;
				PRODUCT_NAME = "$(TARGET_NAME)";
				SWIFT_EMIT_LOC_STRINGS = NO;
				SWIFT_VERSION = 5.0;
				TARGETED_DEVICE_FAMILY = "1,2";
				TEST_HOST = "$(BUILT_PRODUCTS_DIR)/DubDubGrub.app/DubDubGrub";
			};
			name = Debug;
		};
		D519842127F62DC40087870A /* Release */ = {
			isa = XCBuildConfiguration;
			buildSettings = {
				ALWAYS_EMBED_SWIFT_STANDARD_LIBRARIES = YES;
				CODE_SIGN_STYLE = Automatic;
				CURRENT_PROJECT_VERSION = 1;
				GENERATE_INFOPLIST_FILE = YES;
				IPHONEOS_DEPLOYMENT_TARGET = 15.4;
				MARKETING_VERSION = 1.0;
				PRODUCT_BUNDLE_IDENTIFIER = com.codedstuff.appWithPlayground.SampleFrameworkTests;
				PRODUCT_NAME = "$(TARGET_NAME)";
				SWIFT_EMIT_LOC_STRINGS = NO;
				SWIFT_VERSION = 5.0;
				TARGETED_DEVICE_FAMILY = "1,2";
				TEST_HOST = "$(BUILT_PRODUCTS_DIR)/DubDubGrub.app/DubDubGrub";
			};
			name = Release;
		};
		E1B887B72749784F00998DFC /* Debug */ = {
			isa = XCBuildConfiguration;
			buildSettings = {
				ALWAYS_SEARCH_USER_PATHS = NO;
				CLANG_ANALYZER_NONNULL = YES;
				CLANG_ANALYZER_NUMBER_OBJECT_CONVERSION = YES_AGGRESSIVE;
				CLANG_CXX_LANGUAGE_STANDARD = "gnu++17";
				CLANG_CXX_LIBRARY = "libc++";
				CLANG_ENABLE_MODULES = YES;
				CLANG_ENABLE_OBJC_ARC = YES;
				CLANG_ENABLE_OBJC_WEAK = YES;
				CLANG_WARN_BLOCK_CAPTURE_AUTORELEASING = YES;
				CLANG_WARN_BOOL_CONVERSION = YES;
				CLANG_WARN_COMMA = YES;
				CLANG_WARN_CONSTANT_CONVERSION = YES;
				CLANG_WARN_DEPRECATED_OBJC_IMPLEMENTATIONS = YES;
				CLANG_WARN_DIRECT_OBJC_ISA_USAGE = YES_ERROR;
				CLANG_WARN_DOCUMENTATION_COMMENTS = YES;
				CLANG_WARN_EMPTY_BODY = YES;
				CLANG_WARN_ENUM_CONVERSION = YES;
				CLANG_WARN_INFINITE_RECURSION = YES;
				CLANG_WARN_INT_CONVERSION = YES;
				CLANG_WARN_NON_LITERAL_NULL_CONVERSION = YES;
				CLANG_WARN_OBJC_IMPLICIT_RETAIN_SELF = YES;
				CLANG_WARN_OBJC_LITERAL_CONVERSION = YES;
				CLANG_WARN_OBJC_ROOT_CLASS = YES_ERROR;
				CLANG_WARN_QUOTED_INCLUDE_IN_FRAMEWORK_HEADER = YES;
				CLANG_WARN_RANGE_LOOP_ANALYSIS = YES;
				CLANG_WARN_STRICT_PROTOTYPES = YES;
				CLANG_WARN_SUSPICIOUS_MOVE = YES;
				CLANG_WARN_UNGUARDED_AVAILABILITY = YES_AGGRESSIVE;
				CLANG_WARN_UNREACHABLE_CODE = YES;
				CLANG_WARN__DUPLICATE_METHOD_MATCH = YES;
				COPY_PHASE_STRIP = NO;
				DEBUG_INFORMATION_FORMAT = dwarf;
				ENABLE_STRICT_OBJC_MSGSEND = YES;
				ENABLE_TESTABILITY = YES;
				GCC_C_LANGUAGE_STANDARD = gnu11;
				GCC_DYNAMIC_NO_PIC = NO;
				GCC_NO_COMMON_BLOCKS = YES;
				GCC_OPTIMIZATION_LEVEL = 0;
				GCC_PREPROCESSOR_DEFINITIONS = (
					"DEBUG=1",
					"$(inherited)",
				);
				GCC_WARN_64_TO_32_BIT_CONVERSION = YES;
				GCC_WARN_ABOUT_RETURN_TYPE = YES_ERROR;
				GCC_WARN_UNDECLARED_SELECTOR = YES;
				GCC_WARN_UNINITIALIZED_AUTOS = YES_AGGRESSIVE;
				GCC_WARN_UNUSED_FUNCTION = YES;
				GCC_WARN_UNUSED_VARIABLE = YES;
				IPHONEOS_DEPLOYMENT_TARGET = 15.0;
				MTL_ENABLE_DEBUG_INFO = INCLUDE_SOURCE;
				MTL_FAST_MATH = YES;
				ONLY_ACTIVE_ARCH = YES;
				SDKROOT = iphoneos;
				SWIFT_ACTIVE_COMPILATION_CONDITIONS = DEBUG;
				SWIFT_OPTIMIZATION_LEVEL = "-Onone";
			};
			name = Debug;
		};
		E1B887B82749784F00998DFC /* Release */ = {
			isa = XCBuildConfiguration;
			buildSettings = {
				ALWAYS_SEARCH_USER_PATHS = NO;
				CLANG_ANALYZER_NONNULL = YES;
				CLANG_ANALYZER_NUMBER_OBJECT_CONVERSION = YES_AGGRESSIVE;
				CLANG_CXX_LANGUAGE_STANDARD = "gnu++17";
				CLANG_CXX_LIBRARY = "libc++";
				CLANG_ENABLE_MODULES = YES;
				CLANG_ENABLE_OBJC_ARC = YES;
				CLANG_ENABLE_OBJC_WEAK = YES;
				CLANG_WARN_BLOCK_CAPTURE_AUTORELEASING = YES;
				CLANG_WARN_BOOL_CONVERSION = YES;
				CLANG_WARN_COMMA = YES;
				CLANG_WARN_CONSTANT_CONVERSION = YES;
				CLANG_WARN_DEPRECATED_OBJC_IMPLEMENTATIONS = YES;
				CLANG_WARN_DIRECT_OBJC_ISA_USAGE = YES_ERROR;
				CLANG_WARN_DOCUMENTATION_COMMENTS = YES;
				CLANG_WARN_EMPTY_BODY = YES;
				CLANG_WARN_ENUM_CONVERSION = YES;
				CLANG_WARN_INFINITE_RECURSION = YES;
				CLANG_WARN_INT_CONVERSION = YES;
				CLANG_WARN_NON_LITERAL_NULL_CONVERSION = YES;
				CLANG_WARN_OBJC_IMPLICIT_RETAIN_SELF = YES;
				CLANG_WARN_OBJC_LITERAL_CONVERSION = YES;
				CLANG_WARN_OBJC_ROOT_CLASS = YES_ERROR;
				CLANG_WARN_QUOTED_INCLUDE_IN_FRAMEWORK_HEADER = YES;
				CLANG_WARN_RANGE_LOOP_ANALYSIS = YES;
				CLANG_WARN_STRICT_PROTOTYPES = YES;
				CLANG_WARN_SUSPICIOUS_MOVE = YES;
				CLANG_WARN_UNGUARDED_AVAILABILITY = YES_AGGRESSIVE;
				CLANG_WARN_UNREACHABLE_CODE = YES;
				CLANG_WARN__DUPLICATE_METHOD_MATCH = YES;
				COPY_PHASE_STRIP = NO;
				DEBUG_INFORMATION_FORMAT = "dwarf-with-dsym";
				ENABLE_NS_ASSERTIONS = NO;
				ENABLE_STRICT_OBJC_MSGSEND = YES;
				GCC_C_LANGUAGE_STANDARD = gnu11;
				GCC_NO_COMMON_BLOCKS = YES;
				GCC_WARN_64_TO_32_BIT_CONVERSION = YES;
				GCC_WARN_ABOUT_RETURN_TYPE = YES_ERROR;
				GCC_WARN_UNDECLARED_SELECTOR = YES;
				GCC_WARN_UNINITIALIZED_AUTOS = YES_AGGRESSIVE;
				GCC_WARN_UNUSED_FUNCTION = YES;
				GCC_WARN_UNUSED_VARIABLE = YES;
				IPHONEOS_DEPLOYMENT_TARGET = 15.0;
				MTL_ENABLE_DEBUG_INFO = NO;
				MTL_FAST_MATH = YES;
				SDKROOT = iphoneos;
				SWIFT_COMPILATION_MODE = wholemodule;
				SWIFT_OPTIMIZATION_LEVEL = "-O";
				VALIDATE_PRODUCT = YES;
			};
			name = Release;
		};
		E1B887BA2749784F00998DFC /* Debug */ = {
			isa = XCBuildConfiguration;
			buildSettings = {
				ALWAYS_EMBED_SWIFT_STANDARD_LIBRARIES = YES;
				ASSETCATALOG_COMPILER_APPICON_NAME = AppIcon;
				ASSETCATALOG_COMPILER_GLOBAL_ACCENT_COLOR_NAME = AccentColor;
				CODE_SIGN_STYLE = Automatic;
				CURRENT_PROJECT_VERSION = 1;
				DEVELOPMENT_ASSET_PATHS = "\"DubDubGrub/Preview Content\"";
				DEVELOPMENT_TEAM = S7T2CRG623;
				ENABLE_PREVIEWS = YES;
				GENERATE_INFOPLIST_FILE = YES;
				INFOPLIST_KEY_UIApplicationSceneManifest_Generation = YES;
				INFOPLIST_KEY_UIApplicationSupportsIndirectInputEvents = YES;
				INFOPLIST_KEY_UILaunchScreen_Generation = YES;
				INFOPLIST_KEY_UISupportedInterfaceOrientations_iPad = "UIInterfaceOrientationPortrait UIInterfaceOrientationPortraitUpsideDown UIInterfaceOrientationLandscapeLeft UIInterfaceOrientationLandscapeRight";
				INFOPLIST_KEY_UISupportedInterfaceOrientations_iPhone = "UIInterfaceOrientationPortrait UIInterfaceOrientationLandscapeLeft UIInterfaceOrientationLandscapeRight";
				IPHONEOS_DEPLOYMENT_TARGET = 15.4;
				LD_RUNPATH_SEARCH_PATHS = (
					"$(inherited)",
					"@executable_path/Frameworks",
				);
				MARKETING_VERSION = 1.0;
				PRODUCT_BUNDLE_IDENTIFIER = com.codedstuff.dubDubGrub;
				PRODUCT_NAME = "$(TARGET_NAME)";
				SWIFT_EMIT_LOC_STRINGS = YES;
				SWIFT_VERSION = 5.0;
				TARGETED_DEVICE_FAMILY = "1,2";
			};
			name = Debug;
		};
		E1B887BB2749784F00998DFC /* Release */ = {
			isa = XCBuildConfiguration;
			buildSettings = {
				ALWAYS_EMBED_SWIFT_STANDARD_LIBRARIES = YES;
				ASSETCATALOG_COMPILER_APPICON_NAME = AppIcon;
				ASSETCATALOG_COMPILER_GLOBAL_ACCENT_COLOR_NAME = AccentColor;
				CODE_SIGN_STYLE = Automatic;
				CURRENT_PROJECT_VERSION = 1;
				DEVELOPMENT_ASSET_PATHS = "\"DubDubGrub/Preview Content\"";
				DEVELOPMENT_TEAM = S7T2CRG623;
				ENABLE_PREVIEWS = YES;
				GENERATE_INFOPLIST_FILE = YES;
				INFOPLIST_KEY_UIApplicationSceneManifest_Generation = YES;
				INFOPLIST_KEY_UIApplicationSupportsIndirectInputEvents = YES;
				INFOPLIST_KEY_UILaunchScreen_Generation = YES;
				INFOPLIST_KEY_UISupportedInterfaceOrientations_iPad = "UIInterfaceOrientationPortrait UIInterfaceOrientationPortraitUpsideDown UIInterfaceOrientationLandscapeLeft UIInterfaceOrientationLandscapeRight";
				INFOPLIST_KEY_UISupportedInterfaceOrientations_iPhone = "UIInterfaceOrientationPortrait UIInterfaceOrientationLandscapeLeft UIInterfaceOrientationLandscapeRight";
				IPHONEOS_DEPLOYMENT_TARGET = 15.4;
				LD_RUNPATH_SEARCH_PATHS = (
					"$(inherited)",
					"@executable_path/Frameworks",
				);
				MARKETING_VERSION = 1.0;
				PRODUCT_BUNDLE_IDENTIFIER = com.codedstuff.dubDubGrub;
				PRODUCT_NAME = "$(TARGET_NAME)";
				SWIFT_EMIT_LOC_STRINGS = YES;
				SWIFT_VERSION = 5.0;
				TARGETED_DEVICE_FAMILY = "1,2";
			};
			name = Release;
		};
		E1B887BD2749784F00998DFC /* Debug */ = {
			isa = XCBuildConfiguration;
			buildSettings = {
				ALWAYS_EMBED_SWIFT_STANDARD_LIBRARIES = YES;
				BUNDLE_LOADER = "$(TEST_HOST)";
				CODE_SIGN_STYLE = Automatic;
				CURRENT_PROJECT_VERSION = 1;
				DEVELOPMENT_TEAM = S7T2CRG623;
				GENERATE_INFOPLIST_FILE = YES;
				IPHONEOS_DEPLOYMENT_TARGET = 15.0;
				LD_RUNPATH_SEARCH_PATHS = (
					"$(inherited)",
					"@executable_path/Frameworks",
					"@loader_path/Frameworks",
				);
				MARKETING_VERSION = 1.0;
				PRODUCT_BUNDLE_IDENTIFIER = com.codedstuff.dubDubGrub.DubDubGrubTests;
				PRODUCT_NAME = "$(TARGET_NAME)";
				SWIFT_EMIT_LOC_STRINGS = NO;
				SWIFT_VERSION = 5.0;
				TARGETED_DEVICE_FAMILY = "1,2";
				TEST_HOST = "$(BUILT_PRODUCTS_DIR)/DubDubGrub.app/DubDubGrub";
			};
			name = Debug;
		};
		E1B887BE2749784F00998DFC /* Release */ = {
			isa = XCBuildConfiguration;
			buildSettings = {
				ALWAYS_EMBED_SWIFT_STANDARD_LIBRARIES = YES;
				BUNDLE_LOADER = "$(TEST_HOST)";
				CODE_SIGN_STYLE = Automatic;
				CURRENT_PROJECT_VERSION = 1;
				DEVELOPMENT_TEAM = S7T2CRG623;
				GENERATE_INFOPLIST_FILE = YES;
				IPHONEOS_DEPLOYMENT_TARGET = 15.0;
				LD_RUNPATH_SEARCH_PATHS = (
					"$(inherited)",
					"@executable_path/Frameworks",
					"@loader_path/Frameworks",
				);
				MARKETING_VERSION = 1.0;
				PRODUCT_BUNDLE_IDENTIFIER = com.codedstuff.dubDubGrub.DubDubGrubTests;
				PRODUCT_NAME = "$(TARGET_NAME)";
				SWIFT_EMIT_LOC_STRINGS = NO;
				SWIFT_VERSION = 5.0;
				TARGETED_DEVICE_FAMILY = "1,2";
				TEST_HOST = "$(BUILT_PRODUCTS_DIR)/DubDubGrub.app/DubDubGrub";
			};
			name = Release;
		};
		E1B887C02749784F00998DFC /* Debug */ = {
			isa = XCBuildConfiguration;
			buildSettings = {
				ALWAYS_EMBED_SWIFT_STANDARD_LIBRARIES = YES;
				CODE_SIGN_STYLE = Automatic;
				CURRENT_PROJECT_VERSION = 1;
				DEVELOPMENT_TEAM = S7T2CRG623;
				GENERATE_INFOPLIST_FILE = YES;
				LD_RUNPATH_SEARCH_PATHS = (
					"$(inherited)",
					"@executable_path/Frameworks",
					"@loader_path/Frameworks",
				);
				MARKETING_VERSION = 1.0;
				PRODUCT_BUNDLE_IDENTIFIER = com.codedstuff.dubDubGrub.DubDubGrubUITests;
				PRODUCT_NAME = "$(TARGET_NAME)";
				SWIFT_EMIT_LOC_STRINGS = NO;
				SWIFT_VERSION = 5.0;
				TARGETED_DEVICE_FAMILY = "1,2";
				TEST_TARGET_NAME = DubDubGrub;
			};
			name = Debug;
		};
		E1B887C12749784F00998DFC /* Release */ = {
			isa = XCBuildConfiguration;
			buildSettings = {
				ALWAYS_EMBED_SWIFT_STANDARD_LIBRARIES = YES;
				CODE_SIGN_STYLE = Automatic;
				CURRENT_PROJECT_VERSION = 1;
				DEVELOPMENT_TEAM = S7T2CRG623;
				GENERATE_INFOPLIST_FILE = YES;
				LD_RUNPATH_SEARCH_PATHS = (
					"$(inherited)",
					"@executable_path/Frameworks",
					"@loader_path/Frameworks",
				);
				MARKETING_VERSION = 1.0;
				PRODUCT_BUNDLE_IDENTIFIER = com.codedstuff.dubDubGrub.DubDubGrubUITests;
				PRODUCT_NAME = "$(TARGET_NAME)";
				SWIFT_EMIT_LOC_STRINGS = NO;
				SWIFT_VERSION = 5.0;
				TARGETED_DEVICE_FAMILY = "1,2";
				TEST_TARGET_NAME = DubDubGrub;
			};
			name = Release;
		};
/* End XCBuildConfiguration section */

/* Begin XCConfigurationList section */
		D519842227F62DC40087870A /* Build configuration list for PBXNativeTarget "SampleFramework" */ = {
			isa = XCConfigurationList;
			buildConfigurations = (
				D519841E27F62DC40087870A /* Debug */,
				D519841F27F62DC40087870A /* Release */,
			);
			defaultConfigurationIsVisible = 0;
			defaultConfigurationName = Release;
		};
		D519842327F62DC40087870A /* Build configuration list for PBXNativeTarget "SampleFrameworkTests" */ = {
			isa = XCConfigurationList;
			buildConfigurations = (
				D519842027F62DC40087870A /* Debug */,
				D519842127F62DC40087870A /* Release */,
			);
			defaultConfigurationIsVisible = 0;
			defaultConfigurationName = Release;
		};
		E1B887902749784D00998DFC /* Build configuration list for PBXProject "DubDubGrub" */ = {
			isa = XCConfigurationList;
			buildConfigurations = (
				E1B887B72749784F00998DFC /* Debug */,
				E1B887B82749784F00998DFC /* Release */,
			);
			defaultConfigurationIsVisible = 0;
			defaultConfigurationName = Release;
		};
		E1B887B92749784F00998DFC /* Build configuration list for PBXNativeTarget "DubDubGrub" */ = {
			isa = XCConfigurationList;
			buildConfigurations = (
				E1B887BA2749784F00998DFC /* Debug */,
				E1B887BB2749784F00998DFC /* Release */,
			);
			defaultConfigurationIsVisible = 0;
			defaultConfigurationName = Release;
		};
		E1B887BC2749784F00998DFC /* Build configuration list for PBXNativeTarget "DubDubGrubTests" */ = {
			isa = XCConfigurationList;
			buildConfigurations = (
				E1B887BD2749784F00998DFC /* Debug */,
				E1B887BE2749784F00998DFC /* Release */,
			);
			defaultConfigurationIsVisible = 0;
			defaultConfigurationName = Release;
		};
		E1B887BF2749784F00998DFC /* Build configuration list for PBXNativeTarget "DubDubGrubUITests" */ = {
			isa = XCConfigurationList;
			buildConfigurations = (
				E1B887C02749784F00998DFC /* Debug */,
				E1B887C12749784F00998DFC /* Release */,
			);
			defaultConfigurationIsVisible = 0;
			defaultConfigurationName = Release;
		};
/* End XCConfigurationList section */
	};
	rootObject = E1B8878D2749784D00998DFC /* Project object */;
}
