// !$*UTF8*$!
{
	archiveVersion = 1;
	classes = {
	};
	objectVersion = 56;
	objects = {

/* Begin PBXBuildFile section */
		D5758DE5292A97460054A015 /* LocationDetailView.swift in Sources */ = {isa = PBXBuildFile; fileRef = D5758DE4292A97460054A015 /* LocationDetailView.swift */; };
		D57A7519293D0CBF002662B0 /* FirstNameAvatarView.swift in Sources */ = {isa = PBXBuildFile; fileRef = D57A7518293D0CBF002662B0 /* FirstNameAvatarView.swift */; };
		D5A9128129ABE20E00BA2497 /* ProfileView.swift in Sources */ = {isa = PBXBuildFile; fileRef = D5A9128029ABE20E00BA2497 /* ProfileView.swift */; };
		D5A9128329ABED0200BA2497 /* ProfileHeaderView.swift in Sources */ = {isa = PBXBuildFile; fileRef = D5A9128229ABED0200BA2497 /* ProfileHeaderView.swift */; };
		E151E2BA28FC4AB200497572 /* DubDubGrubApp.swift in Sources */ = {isa = PBXBuildFile; fileRef = E151E2B928FC4AB200497572 /* DubDubGrubApp.swift */; };
		E151E2BE28FC4AB300497572 /* Assets.xcassets in Resources */ = {isa = PBXBuildFile; fileRef = E151E2BD28FC4AB300497572 /* Assets.xcassets */; };
		E151E2C128FC4AB300497572 /* Preview Assets.xcassets in Resources */ = {isa = PBXBuildFile; fileRef = E151E2C028FC4AB300497572 /* Preview Assets.xcassets */; };
		E151E2C928FC4F5900497572 /* Color+Ext.swift in Sources */ = {isa = PBXBuildFile; fileRef = E151E2C828FC4F5800497572 /* Color+Ext.swift */; };
		E151E2CB28FC663100497572 /* AppTabView.swift in Sources */ = {isa = PBXBuildFile; fileRef = E151E2CA28FC663100497572 /* AppTabView.swift */; };
		E151E2CD28FC6A7600497572 /* LocationMapView.swift in Sources */ = {isa = PBXBuildFile; fileRef = E151E2CC28FC6A7600497572 /* LocationMapView.swift */; };
		E151E2CF28FC6B3C00497572 /* LocationListView.swift in Sources */ = {isa = PBXBuildFile; fileRef = E151E2CE28FC6B3C00497572 /* LocationListView.swift */; };
		E151E2EE28FC915D00497572 /* LocationCell.swift in Sources */ = {isa = PBXBuildFile; fileRef = E151E2ED28FC915D00497572 /* LocationCell.swift */; };
		E15586932918444A00C28C7E /* AvatarView.swift in Sources */ = {isa = PBXBuildFile; fileRef = E15586922918444A00C28C7E /* AvatarView.swift */; };
		E1A280782AACC2BD0036CE33 /* DDGUserProfile.swift in Sources */ = {isa = PBXBuildFile; fileRef = E1A280772AACC2BD0036CE33 /* DDGUserProfile.swift */; };
		E1EB82192AA4E7240017A8BE /* DDGLocation.swift in Sources */ = {isa = PBXBuildFile; fileRef = E1EB82182AA4E7240017A8BE /* DDGLocation.swift */; };
		E1F5CC4229C780BD00D87FF6 /* ProfileBody.swift in Sources */ = {isa = PBXBuildFile; fileRef = E1F5CC4129C780BD00D87FF6 /* ProfileBody.swift */; };
/* End PBXBuildFile section */

/* Begin PBXFileReference section */
		D5758DE4292A97460054A015 /* LocationDetailView.swift */ = {isa = PBXFileReference; lastKnownFileType = sourcecode.swift; path = LocationDetailView.swift; sourceTree = "<group>"; };
		D57A7518293D0CBF002662B0 /* FirstNameAvatarView.swift */ = {isa = PBXFileReference; lastKnownFileType = sourcecode.swift; path = FirstNameAvatarView.swift; sourceTree = "<group>"; };
		D5A9128029ABE20E00BA2497 /* ProfileView.swift */ = {isa = PBXFileReference; lastKnownFileType = sourcecode.swift; name = ProfileView.swift; path = Justin/ProfileView.swift; sourceTree = "<group>"; };
		D5A9128229ABED0200BA2497 /* ProfileHeaderView.swift */ = {isa = PBXFileReference; lastKnownFileType = sourcecode.swift; path = ProfileHeaderView.swift; sourceTree = "<group>"; };
		E151E2B628FC4AB200497572 /* DubDubGrub.app */ = {isa = PBXFileReference; explicitFileType = wrapper.application; includeInIndex = 0; path = DubDubGrub.app; sourceTree = BUILT_PRODUCTS_DIR; };
		E151E2B928FC4AB200497572 /* DubDubGrubApp.swift */ = {isa = PBXFileReference; lastKnownFileType = sourcecode.swift; path = DubDubGrubApp.swift; sourceTree = "<group>"; };
		E151E2BD28FC4AB300497572 /* Assets.xcassets */ = {isa = PBXFileReference; lastKnownFileType = folder.assetcatalog; path = Assets.xcassets; sourceTree = "<group>"; };
		E151E2C028FC4AB300497572 /* Preview Assets.xcassets */ = {isa = PBXFileReference; lastKnownFileType = folder.assetcatalog; path = "Preview Assets.xcassets"; sourceTree = "<group>"; };
		E151E2C828FC4F5800497572 /* Color+Ext.swift */ = {isa = PBXFileReference; lastKnownFileType = sourcecode.swift; path = "Color+Ext.swift"; sourceTree = "<group>"; };
		E151E2CA28FC663100497572 /* AppTabView.swift */ = {isa = PBXFileReference; lastKnownFileType = sourcecode.swift; path = AppTabView.swift; sourceTree = "<group>"; };
		E151E2CC28FC6A7600497572 /* LocationMapView.swift */ = {isa = PBXFileReference; lastKnownFileType = sourcecode.swift; path = LocationMapView.swift; sourceTree = "<group>"; };
		E151E2CE28FC6B3C00497572 /* LocationListView.swift */ = {isa = PBXFileReference; lastKnownFileType = sourcecode.swift; path = LocationListView.swift; sourceTree = "<group>"; };
		E151E2ED28FC915D00497572 /* LocationCell.swift */ = {isa = PBXFileReference; lastKnownFileType = sourcecode.swift; path = LocationCell.swift; sourceTree = "<group>"; };
		E15586922918444A00C28C7E /* AvatarView.swift */ = {isa = PBXFileReference; lastKnownFileType = sourcecode.swift; path = AvatarView.swift; sourceTree = "<group>"; };
		E169CEDE2A928B3C00F1D45C /* DubDubGrub.entitlements */ = {isa = PBXFileReference; lastKnownFileType = text.plist.entitlements; path = DubDubGrub.entitlements; sourceTree = "<group>"; };
		E1A280772AACC2BD0036CE33 /* DDGUserProfile.swift */ = {isa = PBXFileReference; lastKnownFileType = sourcecode.swift; path = DDGUserProfile.swift; sourceTree = "<group>"; };
		E1EB82182AA4E7240017A8BE /* DDGLocation.swift */ = {isa = PBXFileReference; lastKnownFileType = sourcecode.swift; path = DDGLocation.swift; sourceTree = "<group>"; };
		E1F5CC4129C780BD00D87FF6 /* ProfileBody.swift */ = {isa = PBXFileReference; lastKnownFileType = sourcecode.swift; path = ProfileBody.swift; sourceTree = "<group>"; };
/* End PBXFileReference section */

/* Begin PBXFrameworksBuildPhase section */
		E151E2B328FC4AB200497572 /* Frameworks */ = {
			isa = PBXFrameworksBuildPhase;
			buildActionMask = 2147483647;
			files = (
			);
			runOnlyForDeploymentPostprocessing = 0;
		};
/* End PBXFrameworksBuildPhase section */

/* Begin PBXGroup section */
		D57A7517293D0C9F002662B0 /* ReusableViews */ = {
			isa = PBXGroup;
			children = (
				E15586922918444A00C28C7E /* AvatarView.swift */,
				D57A7518293D0CBF002662B0 /* FirstNameAvatarView.swift */,
			);
			path = ReusableViews;
			sourceTree = "<group>";
		};
		D5CEEB712921788200D00F8B /* LocationDetailView */ = {
			isa = PBXGroup;
			children = (
				D5758DE4292A97460054A015 /* LocationDetailView.swift */,
			);
			path = LocationDetailView;
			sourceTree = "<group>";
		};
		E13C9A36298FD054006F8EE8 /* LocationListView */ = {
			isa = PBXGroup;
			children = (
				E151E2EC28FC914D00497572 /* LocationCell */,
				E151E2CE28FC6B3C00497572 /* LocationListView.swift */,
			);
			path = LocationListView;
			sourceTree = "<group>";
		};
		E13C9A37298FD0B8006F8EE8 /* LocationMapView */ = {
			isa = PBXGroup;
			children = (
				E151E2CC28FC6A7600497572 /* LocationMapView.swift */,
			);
			path = LocationMapView;
			sourceTree = "<group>";
		};
		E13C9A38298FD0CA006F8EE8 /* AppTabView */ = {
			isa = PBXGroup;
			children = (
				E151E2CA28FC663100497572 /* AppTabView.swift */,
			);
			path = AppTabView;
			sourceTree = "<group>";
		};
		E13C9A39298FD0E5006F8EE8 /* ProfileView */ = {
			isa = PBXGroup;
			children = (
				D5A9128029ABE20E00BA2497 /* ProfileView.swift */,
				D5A9128229ABED0200BA2497 /* ProfileHeaderView.swift */,
				E1F5CC4129C780BD00D87FF6 /* ProfileBody.swift */,
			);
			path = ProfileView;
			sourceTree = "<group>";
		};
		E151E2AD28FC4AB200497572 = {
			isa = PBXGroup;
			children = (
				E151E2B828FC4AB200497572 /* DubDubGrub */,
				E151E2B728FC4AB200497572 /* Products */,
			);
			sourceTree = "<group>";
		};
		E151E2B728FC4AB200497572 /* Products */ = {
			isa = PBXGroup;
			children = (
				E151E2B628FC4AB200497572 /* DubDubGrub.app */,
			);
			name = Products;
			sourceTree = "<group>";
		};
		E151E2B828FC4AB200497572 /* DubDubGrub */ = {
			isa = PBXGroup;
			children = (
				E169CEDE2A928B3C00F1D45C /* DubDubGrub.entitlements */,
				E151E2B928FC4AB200497572 /* DubDubGrubApp.swift */,
				E1EB82172AA4E7110017A8BE /* Models */,
				E13C9A38298FD0CA006F8EE8 /* AppTabView */,
				E13C9A37298FD0B8006F8EE8 /* LocationMapView */,
				E13C9A36298FD054006F8EE8 /* LocationListView */,
				D5CEEB712921788200D00F8B /* LocationDetailView */,
				E13C9A39298FD0E5006F8EE8 /* ProfileView */,
				D57A7517293D0C9F002662B0 /* ReusableViews */,
				E151E2BD28FC4AB300497572 /* Assets.xcassets */,
				E151E2C728FC4F4400497572 /* Extensions */,
				E151E2BF28FC4AB300497572 /* Preview Content */,
			);
			path = DubDubGrub;
			sourceTree = "<group>";
		};
		E151E2BF28FC4AB300497572 /* Preview Content */ = {
			isa = PBXGroup;
			children = (
				E151E2C028FC4AB300497572 /* Preview Assets.xcassets */,
			);
			path = "Preview Content";
			sourceTree = "<group>";
		};
		E151E2C728FC4F4400497572 /* Extensions */ = {
			isa = PBXGroup;
			children = (
				E151E2C828FC4F5800497572 /* Color+Ext.swift */,
			);
			path = Extensions;
			sourceTree = "<group>";
		};
		E151E2EC28FC914D00497572 /* LocationCell */ = {
			isa = PBXGroup;
			children = (
				E151E2ED28FC915D00497572 /* LocationCell.swift */,
			);
			path = LocationCell;
			sourceTree = "<group>";
		};
		E1EB82172AA4E7110017A8BE /* Models */ = {
			isa = PBXGroup;
			children = (
				E1EB82182AA4E7240017A8BE /* DDGLocation.swift */,
				E1A280772AACC2BD0036CE33 /* DDGUserProfile.swift */,
			);
			path = Models;
			sourceTree = "<group>";
		};
/* End PBXGroup section */

/* Begin PBXNativeTarget section */
		E151E2B528FC4AB200497572 /* DubDubGrub */ = {
			isa = PBXNativeTarget;
			buildConfigurationList = E151E2C428FC4AB300497572 /* Build configuration list for PBXNativeTarget "DubDubGrub" */;
			buildPhases = (
				E151E2B228FC4AB200497572 /* Sources */,
				E151E2B328FC4AB200497572 /* Frameworks */,
				E151E2B428FC4AB200497572 /* Resources */,
			);
			buildRules = (
			);
			dependencies = (
			);
			name = DubDubGrub;
			productName = DubDubGrub;
			productReference = E151E2B628FC4AB200497572 /* DubDubGrub.app */;
			productType = "com.apple.product-type.application";
		};
/* End PBXNativeTarget section */

/* Begin PBXProject section */
		E151E2AE28FC4AB200497572 /* Project object */ = {
			isa = PBXProject;
			attributes = {
				BuildIndependentTargetsInParallel = 1;
				LastSwiftUpdateCheck = 1400;
				LastUpgradeCheck = 1500;
				TargetAttributes = {
					E151E2B528FC4AB200497572 = {
						CreatedOnToolsVersion = 14.0.1;
					};
				};
			};
			buildConfigurationList = E151E2B128FC4AB200497572 /* Build configuration list for PBXProject "DubDubGrub" */;
			compatibilityVersion = "Xcode 14.0";
			developmentRegion = en;
			hasScannedForEncodings = 0;
			knownRegions = (
				en,
				Base,
			);
			mainGroup = E151E2AD28FC4AB200497572;
			productRefGroup = E151E2B728FC4AB200497572 /* Products */;
			projectDirPath = "";
			projectRoot = "";
			targets = (
				E151E2B528FC4AB200497572 /* DubDubGrub */,
			);
		};
/* End PBXProject section */

/* Begin PBXResourcesBuildPhase section */
		E151E2B428FC4AB200497572 /* Resources */ = {
			isa = PBXResourcesBuildPhase;
			buildActionMask = 2147483647;
			files = (
				E151E2C128FC4AB300497572 /* Preview Assets.xcassets in Resources */,
				E151E2BE28FC4AB300497572 /* Assets.xcassets in Resources */,
			);
			runOnlyForDeploymentPostprocessing = 0;
		};
/* End PBXResourcesBuildPhase section */

/* Begin PBXSourcesBuildPhase section */
		E151E2B228FC4AB200497572 /* Sources */ = {
			isa = PBXSourcesBuildPhase;
			buildActionMask = 2147483647;
			files = (
				E151E2BA28FC4AB200497572 /* DubDubGrubApp.swift in Sources */,
				D5758DE5292A97460054A015 /* LocationDetailView.swift in Sources */,
				D57A7519293D0CBF002662B0 /* FirstNameAvatarView.swift in Sources */,
				E151E2CD28FC6A7600497572 /* LocationMapView.swift in Sources */,
				E151E2CF28FC6B3C00497572 /* LocationListView.swift in Sources */,
				E1EB82192AA4E7240017A8BE /* DDGLocation.swift in Sources */,
				E1A280782AACC2BD0036CE33 /* DDGUserProfile.swift in Sources */,
				E151E2CB28FC663100497572 /* AppTabView.swift in Sources */,
				E151E2EE28FC915D00497572 /* LocationCell.swift in Sources */,
				E1F5CC4229C780BD00D87FF6 /* ProfileBody.swift in Sources */,
				D5A9128329ABED0200BA2497 /* ProfileHeaderView.swift in Sources */,
				D5A9128129ABE20E00BA2497 /* ProfileView.swift in Sources */,
				E15586932918444A00C28C7E /* AvatarView.swift in Sources */,
				E151E2C928FC4F5900497572 /* Color+Ext.swift in Sources */,
			);
			runOnlyForDeploymentPostprocessing = 0;
		};
/* End PBXSourcesBuildPhase section */

/* Begin XCBuildConfiguration section */
		E151E2C228FC4AB300497572 /* Debug */ = {
			isa = XCBuildConfiguration;
			buildSettings = {
				ALWAYS_SEARCH_USER_PATHS = NO;
				CLANG_ANALYZER_NONNULL = YES;
				CLANG_ANALYZER_NUMBER_OBJECT_CONVERSION = YES_AGGRESSIVE;
				CLANG_CXX_LANGUAGE_STANDARD = "gnu++20";
				CLANG_ENABLE_MODULES = YES;
				CLANG_ENABLE_OBJC_ARC = YES;
				CLANG_ENABLE_OBJC_WEAK = YES;
				CLANG_WARN_BLOCK_CAPTURE_AUTORELEASING = YES;
				CLANG_WARN_BOOL_CONVERSION = YES;
				CLANG_WARN_COMMA = YES;
				CLANG_WARN_CONSTANT_CONVERSION = YES;
				CLANG_WARN_DEPRECATED_OBJC_IMPLEMENTATIONS = YES;
				CLANG_WARN_DIRECT_OBJC_ISA_USAGE = YES_ERROR;
				CLANG_WARN_DOCUMENTATION_COMMENTS = YES;
				CLANG_WARN_EMPTY_BODY = YES;
				CLANG_WARN_ENUM_CONVERSION = YES;
				CLANG_WARN_INFINITE_RECURSION = YES;
				CLANG_WARN_INT_CONVERSION = YES;
				CLANG_WARN_NON_LITERAL_NULL_CONVERSION = YES;
				CLANG_WARN_OBJC_IMPLICIT_RETAIN_SELF = YES;
				CLANG_WARN_OBJC_LITERAL_CONVERSION = YES;
				CLANG_WARN_OBJC_ROOT_CLASS = YES_ERROR;
				CLANG_WARN_QUOTED_INCLUDE_IN_FRAMEWORK_HEADER = YES;
				CLANG_WARN_RANGE_LOOP_ANALYSIS = YES;
				CLANG_WARN_STRICT_PROTOTYPES = YES;
				CLANG_WARN_SUSPICIOUS_MOVE = YES;
				CLANG_WARN_UNGUARDED_AVAILABILITY = YES_AGGRESSIVE;
				CLANG_WARN_UNREACHABLE_CODE = YES;
				CLANG_WARN__DUPLICATE_METHOD_MATCH = YES;
				COPY_PHASE_STRIP = NO;
				DEBUG_INFORMATION_FORMAT = dwarf;
				ENABLE_STRICT_OBJC_MSGSEND = YES;
				ENABLE_TESTABILITY = YES;
				ENABLE_USER_SCRIPT_SANDBOXING = YES;
				GCC_C_LANGUAGE_STANDARD = gnu11;
				GCC_DYNAMIC_NO_PIC = NO;
				GCC_NO_COMMON_BLOCKS = YES;
				GCC_OPTIMIZATION_LEVEL = 0;
				GCC_PREPROCESSOR_DEFINITIONS = (
					"DEBUG=1",
					"$(inherited)",
				);
				GCC_WARN_64_TO_32_BIT_CONVERSION = YES;
				GCC_WARN_ABOUT_RETURN_TYPE = YES_ERROR;
				GCC_WARN_UNDECLARED_SELECTOR = YES;
				GCC_WARN_UNINITIALIZED_AUTOS = YES_AGGRESSIVE;
				GCC_WARN_UNUSED_FUNCTION = YES;
				GCC_WARN_UNUSED_VARIABLE = YES;
				IPHONEOS_DEPLOYMENT_TARGET = 16.0;
				MTL_ENABLE_DEBUG_INFO = INCLUDE_SOURCE;
				MTL_FAST_MATH = YES;
				ONLY_ACTIVE_ARCH = YES;
				SDKROOT = iphoneos;
				SWIFT_ACTIVE_COMPILATION_CONDITIONS = DEBUG;
				SWIFT_OPTIMIZATION_LEVEL = "-Onone";
			};
			name = Debug;
		};
		E151E2C328FC4AB300497572 /* Release */ = {
			isa = XCBuildConfiguration;
			buildSettings = {
				ALWAYS_SEARCH_USER_PATHS = NO;
				CLANG_ANALYZER_NONNULL = YES;
				CLANG_ANALYZER_NUMBER_OBJECT_CONVERSION = YES_AGGRESSIVE;
				CLANG_CXX_LANGUAGE_STANDARD = "gnu++20";
				CLANG_ENABLE_MODULES = YES;
				CLANG_ENABLE_OBJC_ARC = YES;
				CLANG_ENABLE_OBJC_WEAK = YES;
				CLANG_WARN_BLOCK_CAPTURE_AUTORELEASING = YES;
				CLANG_WARN_BOOL_CONVERSION = YES;
				CLANG_WARN_COMMA = YES;
				CLANG_WARN_CONSTANT_CONVERSION = YES;
				CLANG_WARN_DEPRECATED_OBJC_IMPLEMENTATIONS = YES;
				CLANG_WARN_DIRECT_OBJC_ISA_USAGE = YES_ERROR;
				CLANG_WARN_DOCUMENTATION_COMMENTS = YES;
				CLANG_WARN_EMPTY_BODY = YES;
				CLANG_WARN_ENUM_CONVERSION = YES;
				CLANG_WARN_INFINITE_RECURSION = YES;
				CLANG_WARN_INT_CONVERSION = YES;
				CLANG_WARN_NON_LITERAL_NULL_CONVERSION = YES;
				CLANG_WARN_OBJC_IMPLICIT_RETAIN_SELF = YES;
				CLANG_WARN_OBJC_LITERAL_CONVERSION = YES;
				CLANG_WARN_OBJC_ROOT_CLASS = YES_ERROR;
				CLANG_WARN_QUOTED_INCLUDE_IN_FRAMEWORK_HEADER = YES;
				CLANG_WARN_RANGE_LOOP_ANALYSIS = YES;
				CLANG_WARN_STRICT_PROTOTYPES = YES;
				CLANG_WARN_SUSPICIOUS_MOVE = YES;
				CLANG_WARN_UNGUARDED_AVAILABILITY = YES_AGGRESSIVE;
				CLANG_WARN_UNREACHABLE_CODE = YES;
				CLANG_WARN__DUPLICATE_METHOD_MATCH = YES;
				COPY_PHASE_STRIP = NO;
				DEBUG_INFORMATION_FORMAT = "dwarf-with-dsym";
				ENABLE_NS_ASSERTIONS = NO;
				ENABLE_STRICT_OBJC_MSGSEND = YES;
				ENABLE_USER_SCRIPT_SANDBOXING = YES;
				GCC_C_LANGUAGE_STANDARD = gnu11;
				GCC_NO_COMMON_BLOCKS = YES;
				GCC_WARN_64_TO_32_BIT_CONVERSION = YES;
				GCC_WARN_ABOUT_RETURN_TYPE = YES_ERROR;
				GCC_WARN_UNDECLARED_SELECTOR = YES;
				GCC_WARN_UNINITIALIZED_AUTOS = YES_AGGRESSIVE;
				GCC_WARN_UNUSED_FUNCTION = YES;
				GCC_WARN_UNUSED_VARIABLE = YES;
				IPHONEOS_DEPLOYMENT_TARGET = 16.0;
				MTL_ENABLE_DEBUG_INFO = NO;
				MTL_FAST_MATH = YES;
				SDKROOT = iphoneos;
				SWIFT_COMPILATION_MODE = wholemodule;
				SWIFT_OPTIMIZATION_LEVEL = "-O";
				VALIDATE_PRODUCT = YES;
			};
			name = Release;
		};
		E151E2C528FC4AB300497572 /* Debug */ = {
			isa = XCBuildConfiguration;
			buildSettings = {
				ASSETCATALOG_COMPILER_APPICON_NAME = AppIcon;
				ASSETCATALOG_COMPILER_GLOBAL_ACCENT_COLOR_NAME = AccentColor;
				CODE_SIGN_ENTITLEMENTS = DubDubGrub/DubDubGrub.entitlements;
				CODE_SIGN_STYLE = Automatic;
				CURRENT_PROJECT_VERSION = 1;
				DEVELOPMENT_ASSET_PATHS = "\"DubDubGrub/Preview Content\"";
				DEVELOPMENT_TEAM = S7T2CRG623;
				ENABLE_PREVIEWS = YES;
				GENERATE_INFOPLIST_FILE = YES;
				INFOPLIST_KEY_UIApplicationSceneManifest_Generation = YES;
				INFOPLIST_KEY_UIApplicationSupportsIndirectInputEvents = YES;
				INFOPLIST_KEY_UILaunchScreen_Generation = YES;
				INFOPLIST_KEY_UISupportedInterfaceOrientations_iPad = "UIInterfaceOrientationPortrait UIInterfaceOrientationPortraitUpsideDown UIInterfaceOrientationLandscapeLeft UIInterfaceOrientationLandscapeRight";
				INFOPLIST_KEY_UISupportedInterfaceOrientations_iPhone = "UIInterfaceOrientationPortrait UIInterfaceOrientationLandscapeLeft UIInterfaceOrientationLandscapeRight";
				IPHONEOS_DEPLOYMENT_TARGET = 17.0;
				LD_RUNPATH_SEARCH_PATHS = (
					"$(inherited)",
					"@executable_path/Frameworks",
				);
				MARKETING_VERSION = 1.0;
				PRODUCT_BUNDLE_IDENTIFIER = com.codedstuff.DubDubGrub;
				PRODUCT_NAME = "$(TARGET_NAME)";
				SWIFT_EMIT_LOC_STRINGS = YES;
				SWIFT_VERSION = 5.0;
				TARGETED_DEVICE_FAMILY = "1,2";
			};
			name = Debug;
		};
		E151E2C628FC4AB300497572 /* Release */ = {
			isa = XCBuildConfiguration;
			buildSettings = {
				ASSETCATALOG_COMPILER_APPICON_NAME = AppIcon;
				ASSETCATALOG_COMPILER_GLOBAL_ACCENT_COLOR_NAME = AccentColor;
				CODE_SIGN_ENTITLEMENTS = DubDubGrub/DubDubGrub.entitlements;
				CODE_SIGN_STYLE = Automatic;
				CURRENT_PROJECT_VERSION = 1;
				DEVELOPMENT_ASSET_PATHS = "\"DubDubGrub/Preview Content\"";
				DEVELOPMENT_TEAM = S7T2CRG623;
				ENABLE_PREVIEWS = YES;
				GENERATE_INFOPLIST_FILE = YES;
				INFOPLIST_KEY_UIApplicationSceneManifest_Generation = YES;
				INFOPLIST_KEY_UIApplicationSupportsIndirectInputEvents = YES;
				INFOPLIST_KEY_UILaunchScreen_Generation = YES;
				INFOPLIST_KEY_UISupportedInterfaceOrientations_iPad = "UIInterfaceOrientationPortrait UIInterfaceOrientationPortraitUpsideDown UIInterfaceOrientationLandscapeLeft UIInterfaceOrientationLandscapeRight";
				INFOPLIST_KEY_UISupportedInterfaceOrientations_iPhone = "UIInterfaceOrientationPortrait UIInterfaceOrientationLandscapeLeft UIInterfaceOrientationLandscapeRight";
				IPHONEOS_DEPLOYMENT_TARGET = 17.0;
				LD_RUNPATH_SEARCH_PATHS = (
					"$(inherited)",
					"@executable_path/Frameworks",
				);
				MARKETING_VERSION = 1.0;
				PRODUCT_BUNDLE_IDENTIFIER = com.codedstuff.DubDubGrub;
				PRODUCT_NAME = "$(TARGET_NAME)";
				SWIFT_EMIT_LOC_STRINGS = YES;
				SWIFT_VERSION = 5.0;
				TARGETED_DEVICE_FAMILY = "1,2";
			};
			name = Release;
		};
/* End XCBuildConfiguration section */

/* Begin XCConfigurationList section */
		E151E2B128FC4AB200497572 /* Build configuration list for PBXProject "DubDubGrub" */ = {
			isa = XCConfigurationList;
			buildConfigurations = (
				E151E2C228FC4AB300497572 /* Debug */,
				E151E2C328FC4AB300497572 /* Release */,
			);
			defaultConfigurationIsVisible = 0;
			defaultConfigurationName = Release;
		};
		E151E2C428FC4AB300497572 /* Build configuration list for PBXNativeTarget "DubDubGrub" */ = {
			isa = XCConfigurationList;
			buildConfigurations = (
				E151E2C528FC4AB300497572 /* Debug */,
				E151E2C628FC4AB300497572 /* Release */,
			);
			defaultConfigurationIsVisible = 0;
			defaultConfigurationName = Release;
		};
/* End XCConfigurationList section */
	};
	rootObject = E151E2AE28FC4AB200497572 /* Project object */;
}
